
Microsoft Visual Studio Solution File, Format Version 12.00
# Visual Studio Version 17
VisualStudioVersion = 17.12.35514.174
MinimumVisualStudioVersion = 10.0.40219.1
Project("{FAE04EC0-301F-11D3-BF4B-00C04F79EFBC}") = "BMI_REST_WebApp", "BMI_REST_WebApp.csproj", "{59D2EEE9-BEA5-4749-95B8-69328C14BA43}"
EndProject
Project("{FAE04EC0-301F-11D3-BF4B-00C04F79EFBC}") = "BMI_WebApp", "..\BMI_WebApp\BMI_WebApp.csproj", "{C4ECF567-2CE6-466D-A427-00D95C375DD4}"
EndProject
Global
	GlobalSection(SolutionConfigurationPlatforms) = preSolution
		Debug|Any CPU = Debug|Any CPU
		Release|Any CPU = Release|Any CPU
	EndGlobalSection
	GlobalSection(ProjectConfigurationPlatforms) = postSolution
		{59D2EEE9-BEA5-4749-95B8-69328C14BA43}.Debug|Any CPU.ActiveCfg = Debug|Any CPU
		{59D2EEE9-BEA5-4749-95B8-69328C14BA43}.Debug|Any CPU.Build.0 = Debug|Any CPU
		{59D2EEE9-BEA5-4749-95B8-69328C14BA43}.Release|Any CPU.ActiveCfg = Release|Any CPU
		{59D2EEE9-BEA5-4749-95B8-69328C14BA43}.Release|Any CPU.Build.0 = Release|Any CPU
		{C4ECF567-2CE6-466D-A427-00D95C375DD4}.Debug|Any CPU.ActiveCfg = Debug|Any CPU
		{C4ECF567-2CE6-466D-A427-00D95C375DD4}.Debug|Any CPU.Build.0 = Debug|Any CPU
		{C4ECF567-2CE6-466D-A427-00D95C375DD4}.Release|Any CPU.ActiveCfg = Release|Any CPU
		{C4ECF567-2CE6-466D-A427-00D95C375DD4}.Release|Any CPU.Build.0 = Release|Any CPU
	EndGlobalSection
	GlobalSection(SolutionProperties) = preSolution
		HideSolutionNode = FALSE
	EndGlobalSection
EndGlobal
